
Microsoft Visual Studio Solution File, Format Version 12.00
# Visual Studio Version 16
VisualStudioVersion = 16.0.32901.82
MinimumVisualStudioVersion = 10.0.40219.1
Project("{FAE04EC0-301F-11D3-BF4B-00C04F79EFBC}") = "work_01", "work_01\work_01.csproj", "{74D27160-2C87-4A69-9027-075E725AC9E6}"
EndProject
Global
	GlobalSection(SolutionConfigurationPlatforms) = preSolution
		Debug|Any CPU = Debug|Any CPU
		Release|Any CPU = Release|Any CPU
	EndGlobalSection
	GlobalSection(ProjectConfigurationPlatforms) = postSolution
		{74D27160-2C87-4A69-9027-075E725AC9E6}.Debug|Any CPU.ActiveCfg = Debug|Any CPU
		{74D27160-2C87-4A69-9027-075E725AC9E6}.Debug|Any CPU.Build.0 = Debug|Any CPU
		{74D27160-2C87-4A69-9027-075E725AC9E6}.Release|Any CPU.ActiveCfg = Release|Any CPU
		{74D27160-2C87-4A69-9027-075E725AC9E6}.Release|Any CPU.Build.0 = Release|Any CPU
	EndGlobalSection
	GlobalSection(SolutionProperties) = preSolution
		HideSolutionNode = FALSE
	EndGlobalSection
	GlobalSection(ExtensibilityGlobals) = postSolution
		SolutionGuid = {6DB63542-DD83-46B5-9771-2FE702EBB397}
	EndGlobalSection
EndGlobal
